
Microsoft Visual Studio Solution File, Format Version 12.00
# Visual Studio Version 17
VisualStudioVersion = 17.9.34728.123
MinimumVisualStudioVersion = 10.0.40219.1
Project("{FAE04EC0-301F-11D3-BF4B-00C04F79EFBC}") = "BlogManager", "BlogManager\BlogManager.csproj", "{D16F0318-8850-4A26-8100-BCA27ED4A124}"
EndProject
Global
	GlobalSection(SolutionConfigurationPlatforms) = preSolution
		Debug|Any CPU = Debug|Any CPU
		Release|Any CPU = Release|Any CPU
	EndGlobalSection
	GlobalSection(ProjectConfigurationPlatforms) = postSolution
		{D16F0318-8850-4A26-8100-BCA27ED4A124}.Debug|Any CPU.ActiveCfg = Debug|Any CPU
		{D16F0318-8850-4A26-8100-BCA27ED4A124}.Debug|Any CPU.Build.0 = Debug|Any CPU
		{D16F0318-8850-4A26-8100-BCA27ED4A124}.Release|Any CPU.ActiveCfg = Release|Any CPU
		{D16F0318-8850-4A26-8100-BCA27ED4A124}.Release|Any CPU.Build.0 = Release|Any CPU
	EndGlobalSection
	GlobalSection(SolutionProperties) = preSolution
		HideSolutionNode = FALSE
	EndGlobalSection
	GlobalSection(ExtensibilityGlobals) = postSolution
		SolutionGuid = {600D3F27-4CE7-4665-81D9-A250E36793EC}
	EndGlobalSection
EndGlobal
